{
  "name": "batch-convert-encoding",
  "version": "1.0.0",
  "lockfileVersion": 2,
  "requires": true,
  "packages": {
    "": {
      "name": "batch-convert-encoding",
      "version": "1.0.0",
      "license": "ISC",
      "dependencies": {
        "commander": "^9.2.0",
        "detect-file-encoding-and-language": "^2.1.0",
        "glob": "^8.0.1",
        "legacy-encoding": "^3.0.0"
      },
      "bin": {
        "batch-convert-encoding": "index.js"
      }
    },
    "node_modules/balanced-match": {
      "version": "1.0.2",
      "resolved": "https://registry.npmmirror.com/balanced-match/-/balanced-match-1.0.2.tgz",
      "integrity": "sha512-3oSeUO0TMV67hN1AmbXsK4yaqU7tjiHlbxRDZOpH0KW9+CeX4bRAaX0Anxt0tx2MrpRpWwQaPwIlISEJhYU5Pw=="
    },
    "node_modules/brace-expansion": {
      "version": "2.0.1",
      "resolved": "https://registry.npmmirror.com/brace-expansion/-/brace-expansion-2.0.1.tgz",
      "integrity": "sha512-XnAIvQ8eM+kC6aULx6wuQiwVsnzsi9d3WxzV3FpWTGA19F621kwdbsAcFKXgKUHZWsy+mY6iL1sHTxWEFCytDA==",
      "dependencies": {
        "balanced-match": "^1.0.0"
      }
    },
    "node_modules/commander": {
      "version": "9.2.0",
      "resolved": "https://registry.npmmirror.com/commander/-/commander-9.2.0.tgz",
      "integrity": "sha512-e2i4wANQiSXgnrBlIatyHtP1odfUp0BbV5Y5nEGbxtIrStkEOAAzCUirvLBNXHLr7kwLvJl6V+4V3XV9x7Wd9w==",
      "engines": {
        "node": "^12.20.0 || >=14"
      }
    },
    "node_modules/detect-file-encoding-and-language": {
      "version": "2.1.0",
      "resolved": "https://registry.npmmirror.com/detect-file-encoding-and-language/-/detect-file-encoding-and-language-2.1.0.tgz",
      "integrity": "sha512-gN+I5fAasgDKJ0XXZQUPh1vC6cTLsMhcTqu/eWKiBx5ikW5WwTZnMdI5wjSQ6q1KXghjUHst5f426x0Cst15/Q==",
      "bin": {
        "dfeal": "bin/cli.js"
      }
    },
    "node_modules/fs.realpath": {
      "version": "1.0.0",
      "resolved": "https://registry.npmmirror.com/fs.realpath/-/fs.realpath-1.0.0.tgz",
      "integrity": "sha512-OO0pH2lK6a0hZnAdau5ItzHPI6pUlvI7jMVnxUQRtw4owF2wk8lOSabtGDCTP4Ggrg2MbGnWO9X8K1t4+fGMDw=="
    },
    "node_modules/glob": {
      "version": "8.0.1",
      "resolved": "https://registry.npmmirror.com/glob/-/glob-8.0.1.tgz",
      "integrity": "sha512-cF7FYZZ47YzmCu7dDy50xSRRfO3ErRfrXuLZcNIuyiJEco0XSrGtuilG19L5xp3NcwTx7Gn+X6Tv3fmsUPTbow==",
      "dependencies": {
        "fs.realpath": "^1.0.0",
        "inflight": "^1.0.4",
        "inherits": "2",
        "minimatch": "^5.0.1",
        "once": "^1.3.0",
        "path-is-absolute": "^1.0.0"
      },
      "engines": {
        "node": ">=12"
      }
    },
    "node_modules/iconv-lite": {
      "version": "0.4.24",
      "resolved": "https://registry.npmmirror.com/iconv-lite/-/iconv-lite-0.4.24.tgz",
      "integrity": "sha512-v3MXnZAcvnywkTUEZomIActle7RXXeedOR31wwl7VlyoXO4Qi9arvSenNQWne1TcRwhCL1HwLI21bEqdpj8/rA==",
      "dependencies": {
        "safer-buffer": ">= 2.1.2 < 3"
      },
      "engines": {
        "node": ">=0.10.0"
      }
    },
    "node_modules/inflight": {
      "version": "1.0.6",
      "resolved": "https://registry.npmmirror.com/inflight/-/inflight-1.0.6.tgz",
      "integrity": "sha512-k92I/b08q4wvFscXCLvqfsHCrjrF7yiXsQuIVvVE7N82W3+aqpzuUdBbfhWcy/FZR3/4IgflMgKLOsvPDrGCJA==",
      "dependencies": {
        "once": "^1.3.0",
        "wrappy": "1"
      }
    },
    "node_modules/inherits": {
      "version": "2.0.4",
      "resolved": "https://registry.npmmirror.com/inherits/-/inherits-2.0.4.tgz",
      "integrity": "sha512-k/vGaX4/Yla3WzyMCvTQOXYeIHvqOKtnqBduzTHpzpQZzAskKMhZ2K+EnBiSM9zGSoIFeMpXKxa4dYeZIQqewQ=="
    },
    "node_modules/iso-8859-15": {
      "version": "0.1.2",
      "resolved": "https://registry.npmmirror.com/iso-8859-15/-/iso-8859-15-0.1.2.tgz",
      "integrity": "sha512-yVBeEJCnjNplRZS7zMEClE2THk57zvocFQ+DsxyutCXijFYigDUGr1psSo69rU83Qq5CwBcO6dqOM8enCbSKkg=="
    },
    "node_modules/iso-8859-2": {
      "version": "0.1.2",
      "resolved": "https://registry.npmmirror.com/iso-8859-2/-/iso-8859-2-0.1.2.tgz",
      "integrity": "sha512-tVp9GhPRMBdPHVwWzPl5heWk8EY0ChVUu7Wdkdw+EuQhGh1Q6FWZ1bGsYyQSO1ZOasWvdQVdcM5k31KJnt9kBQ=="
    },
    "node_modules/iso-8859-3": {
      "version": "0.1.2",
      "resolved": "https://registry.npmmirror.com/iso-8859-3/-/iso-8859-3-0.1.2.tgz",
      "integrity": "sha512-vmfNH3hktlbAvDZth2HPWYnK4R5U5/6YYnM5qlnkN7CLNZVqimOWJhGJLCG+pEgtIk9upzE9QeKGwoIohXL9Aw=="
    },
    "node_modules/iso-8859-4": {
      "version": "0.1.2",
      "resolved": "https://registry.npmmirror.com/iso-8859-4/-/iso-8859-4-0.1.2.tgz",
      "integrity": "sha512-5zsCLvemq1vrRkDKk6SK0PJiTG517RueqdHB4nxH/tTijtOeZxkUyotDtveADZXYUM+pZSnRR3A0s7LgI2uYYQ=="
    },
    "node_modules/iso-8859-5": {
      "version": "0.1.2",
      "resolved": "https://registry.npmmirror.com/iso-8859-5/-/iso-8859-5-0.1.2.tgz",
      "integrity": "sha512-Fd3oGABHxcInAPJhf2lBGJftXMTGPLYbr5jY8ql2HLPV+nrNLcizYUbw02dn7rE02KDe5+EfyykJw6Zpv/3ebQ=="
    },
    "node_modules/iso-8859-6": {
      "version": "0.1.2",
      "resolved": "https://registry.npmmirror.com/iso-8859-6/-/iso-8859-6-0.1.2.tgz",
      "integrity": "sha512-eIGTMyBLlSsDLsig0RccPlyyn2ofwlUcMzgFIcIvElIRLl2srCWLKqXwb77lrdXRO8zB5uu4e59vOhyDJ2y29w=="
    },
    "node_modules/iso-8859-7": {
      "version": "0.1.2",
      "resolved": "https://registry.npmmirror.com/iso-8859-7/-/iso-8859-7-0.1.2.tgz",
      "integrity": "sha512-hiqEj9lFhlRwdWNXHjCkbMFvOEmX+BvitOyiSPPvlTlMQ5yaKOefnj/nAYqQyUlLfUizZPOW0ag7ynJGRr7toQ=="
    },
    "node_modules/iso-8859-8": {
      "version": "0.1.2",
      "resolved": "https://registry.npmmirror.com/iso-8859-8/-/iso-8859-8-0.1.2.tgz",
      "integrity": "sha512-ssefagpYTjZKcWJwC0lNiosKfCacB3ZWv0ani7rVMnjB/nFghk8eXvBhKO0RdY4/dfuaIZOXzswKCepe+Z7oAA=="
    },
    "node_modules/iso-8859-8-i": {
      "version": "0.1.2",
      "resolved": "https://registry.npmmirror.com/iso-8859-8-i/-/iso-8859-8-i-0.1.2.tgz",
      "integrity": "sha512-Wo1dlXoQtu9pk9KGomdT+RteUlcar0OTmEKYKFChZVVXA7ouXtQplhDkIOmmOs2eOHbpJu962+HqlcKG0WKTmA=="
    },
    "node_modules/jconv": {
      "version": "0.1.5",
      "resolved": "https://registry.npmmirror.com/jconv/-/jconv-0.1.5.tgz",
      "integrity": "sha512-aH8BnQa8SakaT2Wq+tfbu1cRBE6aMwnDqb2AP/jegh69Lg1WIBVRmwPdb4YErYyPHP7iQhuZ5rnPWBX8DcnRSg==",
      "engines": {
        "node": ">=0.8.0"
      }
    },
    "node_modules/koi8-r": {
      "version": "0.1.2",
      "resolved": "https://registry.npmmirror.com/koi8-r/-/koi8-r-0.1.2.tgz",
      "integrity": "sha512-6/PxYCL4ot7cgDbgXQGKFpKYqLPzm8TvZV2kVtHwdY4AWdiiLwnwpTu56ZRZ7t/PTHw/VlNxJVp+awsgcGMsIw=="
    },
    "node_modules/legacy-encoding": {
      "version": "3.0.0",
      "resolved": "https://registry.npmmirror.com/legacy-encoding/-/legacy-encoding-3.0.0.tgz",
      "integrity": "sha512-qUVsu/aaZl+RIAUVeazsFljyD/3XD7oOq/l1XPcZ5xpp++MnxR7W2oaXrH+jwnAXqCEpsI9ovXXqwmrGDMO2gQ==",
      "dependencies": {
        "iconv-lite": "^0.4.4",
        "iso-8859-15": "^0.1.2",
        "iso-8859-2": "^0.1.2",
        "iso-8859-3": "^0.1.2",
        "iso-8859-4": "^0.1.2",
        "iso-8859-5": "^0.1.2",
        "iso-8859-6": "^0.1.2",
        "iso-8859-7": "^0.1.2",
        "iso-8859-8": "^0.1.2",
        "iso-8859-8-i": "^0.1.2",
        "jconv": "^0.1.5",
        "koi8-r": "^0.1.2",
        "macintosh": "^0.1.2",
        "windows-1250": "^0.1.2",
        "windows-1251": "^0.1.2",
        "windows-1252": "^0.1.2",
        "windows-1253": "^0.1.2",
        "windows-1254": "^0.1.2",
        "windows-1255": "^0.1.2",
        "windows-1256": "^0.1.2",
        "windows-1257": "^0.1.2",
        "windows-1258": "^0.1.2",
        "windows-874": "^0.1.2",
        "x-mac-cyrillic": "^0.1.2"
      }
    },
    "node_modules/macintosh": {
      "version": "0.1.2",
      "resolved": "https://registry.npmmirror.com/macintosh/-/macintosh-0.1.2.tgz",
      "integrity": "sha512-sMrD4F3qNiMGkYWI3jg8kscXM93K1SWIMilYBtX28cevbahFdLUpIOsu0mAG8st72EQitWbjTCdOnHYM+AV21A=="
    },
    "node_modules/minimatch": {
      "version": "5.0.1",
      "resolved": "https://registry.npmmirror.com/minimatch/-/minimatch-5.0.1.tgz",
      "integrity": "sha512-nLDxIFRyhDblz3qMuq+SoRZED4+miJ/G+tdDrjkkkRnjAsBexeGpgjLEQ0blJy7rHhR2b93rhQY4SvyWu9v03g==",
      "dependencies": {
        "brace-expansion": "^2.0.1"
      },
      "engines": {
        "node": ">=10"
      }
    },
    "node_modules/once": {
      "version": "1.4.0",
      "resolved": "https://registry.npmmirror.com/once/-/once-1.4.0.tgz",
      "integrity": "sha512-lNaJgI+2Q5URQBkccEKHTQOPaXdUxnZZElQTZY0MFUAuaEqe1E+Nyvgdz/aIyNi6Z9MzO5dv1H8n58/GELp3+w==",
      "dependencies": {
        "wrappy": "1"
      }
    },
    "node_modules/path-is-absolute": {
      "version": "1.0.1",
      "resolved": "https://registry.npmmirror.com/path-is-absolute/-/path-is-absolute-1.0.1.tgz",
      "integrity": "sha512-AVbw3UJ2e9bq64vSaS9Am0fje1Pa8pbGqTTsmXfaIiMpnr5DlDhfJOuLj9Sf95ZPVDAUerDfEk88MPmPe7UCQg==",
      "engines": {
        "node": ">=0.10.0"
      }
    },
    "node_modules/safer-buffer": {
      "version": "2.1.2",
      "resolved": "https://registry.npmmirror.com/safer-buffer/-/safer-buffer-2.1.2.tgz",
      "integrity": "sha512-YZo3K82SD7Riyi0E1EQPojLz7kpepnSQI9IyPbHHg1XXXevb5dJI7tpyN2ADxGcQbHG7vcyRHk0cbwqcQriUtg=="
    },
    "node_modules/windows-1250": {
      "version": "0.1.2",
      "resolved": "https://registry.npmmirror.com/windows-1250/-/windows-1250-0.1.2.tgz",
      "integrity": "sha512-6Jl0GTM0jTNrX2zIMvHtXm8XN8Ga9x1iDsEWGmPMT2qQlBJmzLlYCmg2oDTsW41BkzTSwQNvSSzmtKJrNBreaQ=="
    },
    "node_modules/windows-1251": {
      "version": "0.1.2",
      "resolved": "https://registry.npmmirror.com/windows-1251/-/windows-1251-0.1.2.tgz",
      "integrity": "sha512-vRE97IjXMzcWZVaX60vRDAKY9RNipoWAY6ZO+cJYSrPcE3Ek1PUe3QeK3nOzkcrvP3Q9L0LplJieZbUtGin7FQ=="
    },
    "node_modules/windows-1252": {
      "version": "0.1.2",
      "resolved": "https://registry.npmmirror.com/windows-1252/-/windows-1252-0.1.2.tgz",
      "integrity": "sha512-7NVdtSZYjOZBzYj3n1fO3gKCjwcMQcY3P4DaidThJWLqUCu8pjghkKxETvW7xj2nqnESPBAJpjdTUVPHiR275w=="
    },
    "node_modules/windows-1253": {
      "version": "0.1.2",
      "resolved": "https://registry.npmmirror.com/windows-1253/-/windows-1253-0.1.2.tgz",
      "integrity": "sha512-UjfUOBnCUUJTOGABbTvjHQjXH0WrsYO58d0WMHq8CS8dgIZyx7JzVf868il0JeYddIsbfE2Xie+pRWbx2iPCTw=="
    },
    "node_modules/windows-1254": {
      "version": "0.1.2",
      "resolved": "https://registry.npmmirror.com/windows-1254/-/windows-1254-0.1.2.tgz",
      "integrity": "sha512-sEMfsrJ8b9vuJT2iVkELYEaBjljM1J2nTbFqQueHQuiZBQeqVx1J7fcoFHWxFbfud4I7zt4JzflBQE06WOEKDg=="
    },
    "node_modules/windows-1255": {
      "version": "0.1.2",
      "resolved": "https://registry.npmmirror.com/windows-1255/-/windows-1255-0.1.2.tgz",
      "integrity": "sha512-kiLa+s+ar63L+L34kIwIaCia+Blp+p31hehCoV2LqV5GjsyPq6SxdlQRIvLlflYMrQKi7F5El5d56DmfIsqT4g=="
    },
    "node_modules/windows-1256": {
      "version": "0.1.2",
      "resolved": "https://registry.npmmirror.com/windows-1256/-/windows-1256-0.1.2.tgz",
      "integrity": "sha512-Sct1HJygOcar0+OujM3nootlbIsajAEP/H1V3mDvatI3ISpY0+ixZAKWtso4cDxlMT9YPvz7j1SlebG+fNi+/g=="
    },
    "node_modules/windows-1257": {
      "version": "0.1.2",
      "resolved": "https://registry.npmmirror.com/windows-1257/-/windows-1257-0.1.2.tgz",
      "integrity": "sha512-tMhiawyN0PIqOqOvLEZl2u9CFIx0YmR92Af+RSdchIxZAn6isdTUvEQ1PGFwMqX9+SV2KDi1pfJvF7N0r1aQLA=="
    },
    "node_modules/windows-1258": {
      "version": "0.1.2",
      "resolved": "https://registry.npmmirror.com/windows-1258/-/windows-1258-0.1.2.tgz",
      "integrity": "sha512-1kwBYJdRL+Yww/ezzIxhOuE6XN/eIR4hizYh3qhKiJUnH9GU8Pd2aOPsUD8JDXhD/gppe66dsNGzZJT3Fs9nFA=="
    },
    "node_modules/windows-874": {
      "version": "0.1.2",
      "resolved": "https://registry.npmmirror.com/windows-874/-/windows-874-0.1.2.tgz",
      "integrity": "sha512-cHU69qxjTRKui/bm2j1OyUA3uSDISLhfvNAkIbpiKVMwwlt3b7vQFljBRoLTjxXX0XqDocbLfLMbey8OVVBeAA=="
    },
    "node_modules/wrappy": {
      "version": "1.0.2",
      "resolved": "https://registry.npmmirror.com/wrappy/-/wrappy-1.0.2.tgz",
      "integrity": "sha512-l4Sp/DRseor9wL6EvV2+TuQn63dMkPjZ/sp9XkghTEbV9KlPS1xUsZ3u7/IQO4wxtcFB4bgpQPRcR3QCvezPcQ=="
    },
    "node_modules/x-mac-cyrillic": {
      "version": "0.1.2",
      "resolved": "https://registry.npmmirror.com/x-mac-cyrillic/-/x-mac-cyrillic-0.1.2.tgz",
      "integrity": "sha512-w9iiCq1RmIVGadAlCCsnjsM7etmvRonTuHqW0n7Kx+i5gY+UnI8/pbhM0iulluHR6ktiMub8L1509/cJuuogNg=="
    }
  },
  "dependencies": {
    "balanced-match": {
      "version": "1.0.2",
      "resolved": "https://registry.npmmirror.com/balanced-match/-/balanced-match-1.0.2.tgz",
      "integrity": "sha512-3oSeUO0TMV67hN1AmbXsK4yaqU7tjiHlbxRDZOpH0KW9+CeX4bRAaX0Anxt0tx2MrpRpWwQaPwIlISEJhYU5Pw=="
    },
    "brace-expansion": {
      "version": "2.0.1",
      "resolved": "https://registry.npmmirror.com/brace-expansion/-/brace-expansion-2.0.1.tgz",
      "integrity": "sha512-XnAIvQ8eM+kC6aULx6wuQiwVsnzsi9d3WxzV3FpWTGA19F621kwdbsAcFKXgKUHZWsy+mY6iL1sHTxWEFCytDA==",
      "requires": {
        "balanced-match": "^1.0.0"
      }
    },
    "commander": {
      "version": "9.2.0",
      "resolved": "https://registry.npmmirror.com/commander/-/commander-9.2.0.tgz",
      "integrity": "sha512-e2i4wANQiSXgnrBlIatyHtP1odfUp0BbV5Y5nEGbxtIrStkEOAAzCUirvLBNXHLr7kwLvJl6V+4V3XV9x7Wd9w=="
    },
    "detect-file-encoding-and-language": {
      "version": "2.1.0",
      "resolved": "https://registry.npmmirror.com/detect-file-encoding-and-language/-/detect-file-encoding-and-language-2.1.0.tgz",
      "integrity": "sha512-gN+I5fAasgDKJ0XXZQUPh1vC6cTLsMhcTqu/eWKiBx5ikW5WwTZnMdI5wjSQ6q1KXghjUHst5f426x0Cst15/Q=="
    },
    "fs.realpath": {
      "version": "1.0.0",
      "resolved": "https://registry.npmmirror.com/fs.realpath/-/fs.realpath-1.0.0.tgz",
      "integrity": "sha512-OO0pH2lK6a0hZnAdau5ItzHPI6pUlvI7jMVnxUQRtw4owF2wk8lOSabtGDCTP4Ggrg2MbGnWO9X8K1t4+fGMDw=="
    },
    "glob": {
      "version": "8.0.1",
      "resolved": "https://registry.npmmirror.com/glob/-/glob-8.0.1.tgz",
      "integrity": "sha512-cF7FYZZ47YzmCu7dDy50xSRRfO3ErRfrXuLZcNIuyiJEco0XSrGtuilG19L5xp3NcwTx7Gn+X6Tv3fmsUPTbow==",
      "requires": {
        "fs.realpath": "^1.0.0",
        "inflight": "^1.0.4",
        "inherits": "2",
        "minimatch": "^5.0.1",
        "once": "^1.3.0",
        "path-is-absolute": "^1.0.0"
      }
    },
    "iconv-lite": {
      "version": "0.4.24",
      "resolved": "https://registry.npmmirror.com/iconv-lite/-/iconv-lite-0.4.24.tgz",
      "integrity": "sha512-v3MXnZAcvnywkTUEZomIActle7RXXeedOR31wwl7VlyoXO4Qi9arvSenNQWne1TcRwhCL1HwLI21bEqdpj8/rA==",
      "requires": {
        "safer-buffer": ">= 2.1.2 < 3"
      }
    },
    "inflight": {
      "version": "1.0.6",
      "resolved": "https://registry.npmmirror.com/inflight/-/inflight-1.0.6.tgz",
      "integrity": "sha512-k92I/b08q4wvFscXCLvqfsHCrjrF7yiXsQuIVvVE7N82W3+aqpzuUdBbfhWcy/FZR3/4IgflMgKLOsvPDrGCJA==",
      "requires": {
        "once": "^1.3.0",
        "wrappy": "1"
      }
    },
    "inherits": {
      "version": "2.0.4",
      "resolved": "https://registry.npmmirror.com/inherits/-/inherits-2.0.4.tgz",
      "integrity": "sha512-k/vGaX4/Yla3WzyMCvTQOXYeIHvqOKtnqBduzTHpzpQZzAskKMhZ2K+EnBiSM9zGSoIFeMpXKxa4dYeZIQqewQ=="
    },
    "iso-8859-15": {
      "version": "0.1.2",
      "resolved": "https://registry.npmmirror.com/iso-8859-15/-/iso-8859-15-0.1.2.tgz",
      "integrity": "sha512-yVBeEJCnjNplRZS7zMEClE2THk57zvocFQ+DsxyutCXijFYigDUGr1psSo69rU83Qq5CwBcO6dqOM8enCbSKkg=="
    },
    "iso-8859-2": {
      "version": "0.1.2",
      "resolved": "https://registry.npmmirror.com/iso-8859-2/-/iso-8859-2-0.1.2.tgz",
      "integrity": "sha512-tVp9GhPRMBdPHVwWzPl5heWk8EY0ChVUu7Wdkdw+EuQhGh1Q6FWZ1bGsYyQSO1ZOasWvdQVdcM5k31KJnt9kBQ=="
    },
    "iso-8859-3": {
      "version": "0.1.2",
      "resolved": "https://registry.npmmirror.com/iso-8859-3/-/iso-8859-3-0.1.2.tgz",
      "integrity": "sha512-vmfNH3hktlbAvDZth2HPWYnK4R5U5/6YYnM5qlnkN7CLNZVqimOWJhGJLCG+pEgtIk9upzE9QeKGwoIohXL9Aw=="
    },
    "iso-8859-4": {
      "version": "0.1.2",
      "resolved": "https://registry.npmmirror.com/iso-8859-4/-/iso-8859-4-0.1.2.tgz",
      "integrity": "sha512-5zsCLvemq1vrRkDKk6SK0PJiTG517RueqdHB4nxH/tTijtOeZxkUyotDtveADZXYUM+pZSnRR3A0s7LgI2uYYQ=="
    },
    "iso-8859-5": {
      "version": "0.1.2",
      "resolved": "https://registry.npmmirror.com/iso-8859-5/-/iso-8859-5-0.1.2.tgz",
      "integrity": "sha512-Fd3oGABHxcInAPJhf2lBGJftXMTGPLYbr5jY8ql2HLPV+nrNLcizYUbw02dn7rE02KDe5+EfyykJw6Zpv/3ebQ=="
    },
    "iso-8859-6": {
      "version": "0.1.2",
      "resolved": "https://registry.npmmirror.com/iso-8859-6/-/iso-8859-6-0.1.2.tgz",
      "integrity": "sha512-eIGTMyBLlSsDLsig0RccPlyyn2ofwlUcMzgFIcIvElIRLl2srCWLKqXwb77lrdXRO8zB5uu4e59vOhyDJ2y29w=="
    },
    "iso-8859-7": {
      "version": "0.1.2",
      "resolved": "https://registry.npmmirror.com/iso-8859-7/-/iso-8859-7-0.1.2.tgz",
      "integrity": "sha512-hiqEj9lFhlRwdWNXHjCkbMFvOEmX+BvitOyiSPPvlTlMQ5yaKOefnj/nAYqQyUlLfUizZPOW0ag7ynJGRr7toQ=="
    },
    "iso-8859-8": {
      "version": "0.1.2",
      "resolved": "https://registry.npmmirror.com/iso-8859-8/-/iso-8859-8-0.1.2.tgz",
      "integrity": "sha512-ssefagpYTjZKcWJwC0lNiosKfCacB3ZWv0ani7rVMnjB/nFghk8eXvBhKO0RdY4/dfuaIZOXzswKCepe+Z7oAA=="
    },
    "iso-8859-8-i": {
      "version": "0.1.2",
      "resolved": "https://registry.npmmirror.com/iso-8859-8-i/-/iso-8859-8-i-0.1.2.tgz",
      "integrity": "sha512-Wo1dlXoQtu9pk9KGomdT+RteUlcar0OTmEKYKFChZVVXA7ouXtQplhDkIOmmOs2eOHbpJu962+HqlcKG0WKTmA=="
    },
    "jconv": {
      "version": "0.1.5",
      "resolved": "https://registry.npmmirror.com/jconv/-/jconv-0.1.5.tgz",
      "integrity": "sha512-aH8BnQa8SakaT2Wq+tfbu1cRBE6aMwnDqb2AP/jegh69Lg1WIBVRmwPdb4YErYyPHP7iQhuZ5rnPWBX8DcnRSg=="
    },
    "koi8-r": {
      "version": "0.1.2",
      "resolved": "https://registry.npmmirror.com/koi8-r/-/koi8-r-0.1.2.tgz",
      "integrity": "sha512-6/PxYCL4ot7cgDbgXQGKFpKYqLPzm8TvZV2kVtHwdY4AWdiiLwnwpTu56ZRZ7t/PTHw/VlNxJVp+awsgcGMsIw=="
    },
    "legacy-encoding": {
      "version": "3.0.0",
      "resolved": "https://registry.npmmirror.com/legacy-encoding/-/legacy-encoding-3.0.0.tgz",
      "integrity": "sha512-qUVsu/aaZl+RIAUVeazsFljyD/3XD7oOq/l1XPcZ5xpp++MnxR7W2oaXrH+jwnAXqCEpsI9ovXXqwmrGDMO2gQ==",
      "requires": {
        "iconv-lite": "^0.4.4",
        "iso-8859-15": "^0.1.2",
        "iso-8859-2": "^0.1.2",
        "iso-8859-3": "^0.1.2",
        "iso-8859-4": "^0.1.2",
        "iso-8859-5": "^0.1.2",
        "iso-8859-6": "^0.1.2",
        "iso-8859-7": "^0.1.2",
        "iso-8859-8": "^0.1.2",
        "iso-8859-8-i": "^0.1.2",
        "jconv": "^0.1.5",
        "koi8-r": "^0.1.2",
        "macintosh": "^0.1.2",
        "windows-1250": "^0.1.2",
        "windows-1251": "^0.1.2",
        "windows-1252": "^0.1.2",
        "windows-1253": "^0.1.2",
        "windows-1254": "^0.1.2",
        "windows-1255": "^0.1.2",
        "windows-1256": "^0.1.2",
        "windows-1257": "^0.1.2",
        "windows-1258": "^0.1.2",
        "windows-874": "^0.1.2",
        "x-mac-cyrillic": "^0.1.2"
      }
    },
    "macintosh": {
      "version": "0.1.2",
      "resolved": "https://registry.npmmirror.com/macintosh/-/macintosh-0.1.2.tgz",
      "integrity": "sha512-sMrD4F3qNiMGkYWI3jg8kscXM93K1SWIMilYBtX28cevbahFdLUpIOsu0mAG8st72EQitWbjTCdOnHYM+AV21A=="
    },
    "minimatch": {
      "version": "5.0.1",
      "resolved": "https://registry.npmmirror.com/minimatch/-/minimatch-5.0.1.tgz",
      "integrity": "sha512-nLDxIFRyhDblz3qMuq+SoRZED4+miJ/G+tdDrjkkkRnjAsBexeGpgjLEQ0blJy7rHhR2b93rhQY4SvyWu9v03g==",
      "requires": {
        "brace-expansion": "^2.0.1"
      }
    },
    "once": {
      "version": "1.4.0",
      "resolved": "https://registry.npmmirror.com/once/-/once-1.4.0.tgz",
      "integrity": "sha512-lNaJgI+2Q5URQBkccEKHTQOPaXdUxnZZElQTZY0MFUAuaEqe1E+Nyvgdz/aIyNi6Z9MzO5dv1H8n58/GELp3+w==",
      "requires": {
        "wrappy": "1"
      }
    },
    "path-is-absolute": {
      "version": "1.0.1",
      "resolved": "https://registry.npmmirror.com/path-is-absolute/-/path-is-absolute-1.0.1.tgz",
      "integrity": "sha512-AVbw3UJ2e9bq64vSaS9Am0fje1Pa8pbGqTTsmXfaIiMpnr5DlDhfJOuLj9Sf95ZPVDAUerDfEk88MPmPe7UCQg=="
    },
    "safer-buffer": {
      "version": "2.1.2",
      "resolved": "https://registry.npmmirror.com/safer-buffer/-/safer-buffer-2.1.2.tgz",
      "integrity": "sha512-YZo3K82SD7Riyi0E1EQPojLz7kpepnSQI9IyPbHHg1XXXevb5dJI7tpyN2ADxGcQbHG7vcyRHk0cbwqcQriUtg=="
    },
    "windows-1250": {
      "version": "0.1.2",
      "resolved": "https://registry.npmmirror.com/windows-1250/-/windows-1250-0.1.2.tgz",
      "integrity": "sha512-6Jl0GTM0jTNrX2zIMvHtXm8XN8Ga9x1iDsEWGmPMT2qQlBJmzLlYCmg2oDTsW41BkzTSwQNvSSzmtKJrNBreaQ=="
    },
    "windows-1251": {
      "version": "0.1.2",
      "resolved": "https://registry.npmmirror.com/windows-1251/-/windows-1251-0.1.2.tgz",
      "integrity": "sha512-vRE97IjXMzcWZVaX60vRDAKY9RNipoWAY6ZO+cJYSrPcE3Ek1PUe3QeK3nOzkcrvP3Q9L0LplJieZbUtGin7FQ=="
    },
    "windows-1252": {
      "version": "0.1.2",
      "resolved": "https://registry.npmmirror.com/windows-1252/-/windows-1252-0.1.2.tgz",
      "integrity": "sha512-7NVdtSZYjOZBzYj3n1fO3gKCjwcMQcY3P4DaidThJWLqUCu8pjghkKxETvW7xj2nqnESPBAJpjdTUVPHiR275w=="
    },
    "windows-1253": {
      "version": "0.1.2",
      "resolved": "https://registry.npmmirror.com/windows-1253/-/windows-1253-0.1.2.tgz",
      "integrity": "sha512-UjfUOBnCUUJTOGABbTvjHQjXH0WrsYO58d0WMHq8CS8dgIZyx7JzVf868il0JeYddIsbfE2Xie+pRWbx2iPCTw=="
    },
    "windows-1254": {
      "version": "0.1.2",
      "resolved": "https://registry.npmmirror.com/windows-1254/-/windows-1254-0.1.2.tgz",
      "integrity": "sha512-sEMfsrJ8b9vuJT2iVkELYEaBjljM1J2nTbFqQueHQuiZBQeqVx1J7fcoFHWxFbfud4I7zt4JzflBQE06WOEKDg=="
    },
    "windows-1255": {
      "version": "0.1.2",
      "resolved": "https://registry.npmmirror.com/windows-1255/-/windows-1255-0.1.2.tgz",
      "integrity": "sha512-kiLa+s+ar63L+L34kIwIaCia+Blp+p31hehCoV2LqV5GjsyPq6SxdlQRIvLlflYMrQKi7F5El5d56DmfIsqT4g=="
    },
    "windows-1256": {
      "version": "0.1.2",
      "resolved": "https://registry.npmmirror.com/windows-1256/-/windows-1256-0.1.2.tgz",
      "integrity": "sha512-Sct1HJygOcar0+OujM3nootlbIsajAEP/H1V3mDvatI3ISpY0+ixZAKWtso4cDxlMT9YPvz7j1SlebG+fNi+/g=="
    },
    "windows-1257": {
      "version": "0.1.2",
      "resolved": "https://registry.npmmirror.com/windows-1257/-/windows-1257-0.1.2.tgz",
      "integrity": "sha512-tMhiawyN0PIqOqOvLEZl2u9CFIx0YmR92Af+RSdchIxZAn6isdTUvEQ1PGFwMqX9+SV2KDi1pfJvF7N0r1aQLA=="
    },
    "windows-1258": {
      "version": "0.1.2",
      "resolved": "https://registry.npmmirror.com/windows-1258/-/windows-1258-0.1.2.tgz",
      "integrity": "sha512-1kwBYJdRL+Yww/ezzIxhOuE6XN/eIR4hizYh3qhKiJUnH9GU8Pd2aOPsUD8JDXhD/gppe66dsNGzZJT3Fs9nFA=="
    },
    "windows-874": {
      "version": "0.1.2",
      "resolved": "https://registry.npmmirror.com/windows-874/-/windows-874-0.1.2.tgz",
      "integrity": "sha512-cHU69qxjTRKui/bm2j1OyUA3uSDISLhfvNAkIbpiKVMwwlt3b7vQFljBRoLTjxXX0XqDocbLfLMbey8OVVBeAA=="
    },
    "wrappy": {
      "version": "1.0.2",
      "resolved": "https://registry.npmmirror.com/wrappy/-/wrappy-1.0.2.tgz",
      "integrity": "sha512-l4Sp/DRseor9wL6EvV2+TuQn63dMkPjZ/sp9XkghTEbV9KlPS1xUsZ3u7/IQO4wxtcFB4bgpQPRcR3QCvezPcQ=="
    },
    "x-mac-cyrillic": {
      "version": "0.1.2",
      "resolved": "https://registry.npmmirror.com/x-mac-cyrillic/-/x-mac-cyrillic-0.1.2.tgz",
      "integrity": "sha512-w9iiCq1RmIVGadAlCCsnjsM7etmvRonTuHqW0n7Kx+i5gY+UnI8/pbhM0iulluHR6ktiMub8L1509/cJuuogNg=="
    }
  }
}
